
Microsoft Visual Studio Solution File, Format Version 12.00
# Visual Studio Version 17
VisualStudioVersion = 17.6.33723.286
MinimumVisualStudioVersion = 10.0.40219.1
Project("{FAE04EC0-301F-11D3-BF4B-00C04F79EFBC}") = "Cw3Template", "Cw3Template\Cw3Template.csproj", "{3CFA87F3-1840-44CA-A3FA-82AB53A0D646}"
EndProject
Global
	GlobalSection(SolutionConfigurationPlatforms) = preSolution
		Debug|Any CPU = Debug|Any CPU
		Release|Any CPU = Release|Any CPU
	EndGlobalSection
	GlobalSection(ProjectConfigurationPlatforms) = postSolution
		{3CFA87F3-1840-44CA-A3FA-82AB53A0D646}.Debug|Any CPU.ActiveCfg = Debug|Any CPU
		{3CFA87F3-1840-44CA-A3FA-82AB53A0D646}.Debug|Any CPU.Build.0 = Debug|Any CPU
		{3CFA87F3-1840-44CA-A3FA-82AB53A0D646}.Release|Any CPU.ActiveCfg = Release|Any CPU
		{3CFA87F3-1840-44CA-A3FA-82AB53A0D646}.Release|Any CPU.Build.0 = Release|Any CPU
	EndGlobalSection
	GlobalSection(SolutionProperties) = preSolution
		HideSolutionNode = FALSE
	EndGlobalSection
	GlobalSection(ExtensibilityGlobals) = postSolution
		SolutionGuid = {60F0E4EC-3B63-4EDE-8C2C-4A5D9CA55E70}
	EndGlobalSection
EndGlobal
