
Microsoft Visual Studio Solution File, Format Version 12.00
# Visual Studio Version 17
VisualStudioVersion = 17.6.33723.286
MinimumVisualStudioVersion = 10.0.40219.1
Project("{FAE04EC0-301F-11D3-BF4B-00C04F79EFBC}") = "Cw6Refleksje", "Cw6Refleksje\Cw6Refleksje.csproj", "{B5FD6FF9-411B-4EE9-B349-39FED5E78682}"
EndProject
Global
	GlobalSection(SolutionConfigurationPlatforms) = preSolution
		Debug|Any CPU = Debug|Any CPU
		Release|Any CPU = Release|Any CPU
	EndGlobalSection
	GlobalSection(ProjectConfigurationPlatforms) = postSolution
		{B5FD6FF9-411B-4EE9-B349-39FED5E78682}.Debug|Any CPU.ActiveCfg = Debug|Any CPU
		{B5FD6FF9-411B-4EE9-B349-39FED5E78682}.Debug|Any CPU.Build.0 = Debug|Any CPU
		{B5FD6FF9-411B-4EE9-B349-39FED5E78682}.Release|Any CPU.ActiveCfg = Release|Any CPU
		{B5FD6FF9-411B-4EE9-B349-39FED5E78682}.Release|Any CPU.Build.0 = Release|Any CPU
	EndGlobalSection
	GlobalSection(SolutionProperties) = preSolution
		HideSolutionNode = FALSE
	EndGlobalSection
	GlobalSection(ExtensibilityGlobals) = postSolution
		SolutionGuid = {D9F2BFCB-8C5B-43ED-87B0-1D4CC4E4EC39}
	EndGlobalSection
EndGlobal
